{
  "name": "Power-Generation-Eclipse-SW",
  "lockfileVersion": 3,
  "requires": true,
  "packages": {
    "": {
      "dependencies": {
        "plotly.js-dist-min": "^2.35.0"
      }
    },
    "node_modules/plotly.js-dist-min": {
      "version": "2.35.0",
      "resolved": "https://registry.npmjs.org/plotly.js-dist-min/-/plotly.js-dist-min-2.35.0.tgz",
      "integrity": "sha512-AWyhctrlBf9ZOnKkgdPWy4AOqiw2LYAJgvM33y4GTApiniiL2OjSwbGizDIb8uhlHbZpWEdnq+y8wnhxYY0yQw==",
      "license": "MIT"
    }
  }
}
